
Microsoft Visual Studio Solution File, Format Version 12.00
Project("{FAE04EC0-301F-11D3-BF4B-00C04F79EFBC}") = "PESTI_MinimalAPIs", "PESTI_MinimalAPIs\PESTI_MinimalAPIs.csproj", "{44B9ADC6-050E-4A0A-8AB3-50555643D733}"
EndProject
Global
	GlobalSection(SolutionConfigurationPlatforms) = preSolution
		Debug|Any CPU = Debug|Any CPU
		Release|Any CPU = Release|Any CPU
	EndGlobalSection
	GlobalSection(ProjectConfigurationPlatforms) = postSolution
		{44B9ADC6-050E-4A0A-8AB3-50555643D733}.Debug|Any CPU.ActiveCfg = Debug|Any CPU
		{44B9ADC6-050E-4A0A-8AB3-50555643D733}.Debug|Any CPU.Build.0 = Debug|Any CPU
		{44B9ADC6-050E-4A0A-8AB3-50555643D733}.Release|Any CPU.ActiveCfg = Release|Any CPU
		{44B9ADC6-050E-4A0A-8AB3-50555643D733}.Release|Any CPU.Build.0 = Release|Any CPU
	EndGlobalSection
EndGlobal
